
Microsoft Visual Studio Solution File, Format Version 12.00
# Visual Studio Version 17
VisualStudioVersion = 17.5.002.0
MinimumVisualStudioVersion = 10.0.40219.1
Project("{9A19103F-16F7-4668-BE54-9A1E7A4F7556}") = "operadores", "operadores\operadores.csproj", "{D877B96E-089F-4D66-ADC9-EB6B7C9CC4B8}"
EndProject
Project("{9A19103F-16F7-4668-BE54-9A1E7A4F7556}") = "variaveis", "variaveis\variaveis.csproj", "{D315A7EC-0418-4973-B4EF-3BF93EAE8A63}"
EndProject
Global
	GlobalSection(SolutionConfigurationPlatforms) = preSolution
		Debug|Any CPU = Debug|Any CPU
		Release|Any CPU = Release|Any CPU
	EndGlobalSection
	GlobalSection(ProjectConfigurationPlatforms) = postSolution
		{D877B96E-089F-4D66-ADC9-EB6B7C9CC4B8}.Debug|Any CPU.ActiveCfg = Debug|Any CPU
		{D877B96E-089F-4D66-ADC9-EB6B7C9CC4B8}.Debug|Any CPU.Build.0 = Debug|Any CPU
		{D877B96E-089F-4D66-ADC9-EB6B7C9CC4B8}.Release|Any CPU.ActiveCfg = Release|Any CPU
		{D877B96E-089F-4D66-ADC9-EB6B7C9CC4B8}.Release|Any CPU.Build.0 = Release|Any CPU
		{D315A7EC-0418-4973-B4EF-3BF93EAE8A63}.Debug|Any CPU.ActiveCfg = Debug|Any CPU
		{D315A7EC-0418-4973-B4EF-3BF93EAE8A63}.Debug|Any CPU.Build.0 = Debug|Any CPU
		{D315A7EC-0418-4973-B4EF-3BF93EAE8A63}.Release|Any CPU.ActiveCfg = Release|Any CPU
		{D315A7EC-0418-4973-B4EF-3BF93EAE8A63}.Release|Any CPU.Build.0 = Release|Any CPU
	EndGlobalSection
	GlobalSection(SolutionProperties) = preSolution
		HideSolutionNode = FALSE
	EndGlobalSection
	GlobalSection(ExtensibilityGlobals) = postSolution
		SolutionGuid = {2B2637C2-A475-48AB-81BF-7CAE71ABF168}
	EndGlobalSection
EndGlobal
