
Microsoft Visual Studio Solution File, Format Version 12.00
# Visual Studio Version 17
VisualStudioVersion = 17.5.002.0
MinimumVisualStudioVersion = 10.0.40219.1
Project("{9A19103F-16F7-4668-BE54-9A1E7A4F7556}") = "classes", "classes.csproj", "{B9C692B5-FB21-4F7C-954D-177CAF51F4ED}"
EndProject
Global
	GlobalSection(SolutionConfigurationPlatforms) = preSolution
		Debug|Any CPU = Debug|Any CPU
		Release|Any CPU = Release|Any CPU
	EndGlobalSection
	GlobalSection(ProjectConfigurationPlatforms) = postSolution
		{B9C692B5-FB21-4F7C-954D-177CAF51F4ED}.Debug|Any CPU.ActiveCfg = Debug|Any CPU
		{B9C692B5-FB21-4F7C-954D-177CAF51F4ED}.Debug|Any CPU.Build.0 = Debug|Any CPU
		{B9C692B5-FB21-4F7C-954D-177CAF51F4ED}.Release|Any CPU.ActiveCfg = Release|Any CPU
		{B9C692B5-FB21-4F7C-954D-177CAF51F4ED}.Release|Any CPU.Build.0 = Release|Any CPU
	EndGlobalSection
	GlobalSection(SolutionProperties) = preSolution
		HideSolutionNode = FALSE
	EndGlobalSection
	GlobalSection(ExtensibilityGlobals) = postSolution
		SolutionGuid = {AE2545E6-9504-4D09-8F1E-2DF537A0F0C9}
	EndGlobalSection
EndGlobal
