
Microsoft Visual Studio Solution File, Format Version 12.00
# Visual Studio Version 17
VisualStudioVersion = 17.5.002.0
MinimumVisualStudioVersion = 10.0.40219.1
Project("{9A19103F-16F7-4668-BE54-9A1E7A4F7556}") = "concatenacao", "concatenacao.csproj", "{065D4F53-94F4-45DF-A80F-04E0257E9371}"
EndProject
Global
	GlobalSection(SolutionConfigurationPlatforms) = preSolution
		Debug|Any CPU = Debug|Any CPU
		Release|Any CPU = Release|Any CPU
	EndGlobalSection
	GlobalSection(ProjectConfigurationPlatforms) = postSolution
		{065D4F53-94F4-45DF-A80F-04E0257E9371}.Debug|Any CPU.ActiveCfg = Debug|Any CPU
		{065D4F53-94F4-45DF-A80F-04E0257E9371}.Debug|Any CPU.Build.0 = Debug|Any CPU
		{065D4F53-94F4-45DF-A80F-04E0257E9371}.Release|Any CPU.ActiveCfg = Release|Any CPU
		{065D4F53-94F4-45DF-A80F-04E0257E9371}.Release|Any CPU.Build.0 = Release|Any CPU
	EndGlobalSection
	GlobalSection(SolutionProperties) = preSolution
		HideSolutionNode = FALSE
	EndGlobalSection
	GlobalSection(ExtensibilityGlobals) = postSolution
		SolutionGuid = {480FC43C-BE7F-48DE-B26E-BA6D72F2FF93}
	EndGlobalSection
EndGlobal
